
Microsoft Visual Studio Solution File, Format Version 12.00
# Visual Studio Version 16
VisualStudioVersion = 16.0.31129.286
MinimumVisualStudioVersion = 10.0.40219.1
Project("{8BC9CEB8-8B4A-11D0-8D11-00A0C91BC942}") = "TestDirectML", "TestDirectML\TestDirectML.vcxproj", "{54F20028-9F46-40DB-92A1-A572F98EE726}"
EndProject
Global
	GlobalSection(SolutionConfigurationPlatforms) = preSolution
		Debug|x64 = Debug|x64
		Release|x64 = Release|x64
	EndGlobalSection
	GlobalSection(ProjectConfigurationPlatforms) = postSolution
		{54F20028-9F46-40DB-92A1-A572F98EE726}.Debug|x64.ActiveCfg = Debug|x64
		{54F20028-9F46-40DB-92A1-A572F98EE726}.Debug|x64.Build.0 = Debug|x64
		{54F20028-9F46-40DB-92A1-A572F98EE726}.Release|x64.ActiveCfg = Release|x64
		{54F20028-9F46-40DB-92A1-A572F98EE726}.Release|x64.Build.0 = Release|x64
	EndGlobalSection
	GlobalSection(SolutionProperties) = preSolution
		HideSolutionNode = FALSE
	EndGlobalSection
	GlobalSection(ExtensibilityGlobals) = postSolution
		SolutionGuid = {AB600CFF-E7EA-4934-84AE-ABEC90FA6C76}
	EndGlobalSection
EndGlobal
